
Microsoft Visual Studio Solution File, Format Version 12.00
# Visual Studio Version 17
VisualStudioVersion = 17.6.33829.357
MinimumVisualStudioVersion = 10.0.40219.1
Project("{FAE04EC0-301F-11D3-BF4B-00C04F79EFBC}") = "ChristmasPreparation", "Programming Basics Online Pre - Exam\ChristmasPreparation.csproj", "{623028FF-5BDA-4AEF-9290-A581A1107C72}"
EndProject
Project("{FAE04EC0-301F-11D3-BF4B-00C04F79EFBC}") = "BraceletStand", "BraceletStand\BraceletStand.csproj", "{FF401FB5-5920-46E1-842A-844322785D92}"
EndProject
Project("{FAE04EC0-301F-11D3-BF4B-00C04F79EFBC}") = "SantasHoliday", "SantasHoliday\SantasHoliday.csproj", "{6F519160-BB87-4735-AF97-4CD47F7AA0A1}"
EndProject
Project("{FAE04EC0-301F-11D3-BF4B-00C04F79EFBC}") = "Substitute", "Substitute\Substitute.csproj", "{E880A178-57DB-4896-A34E-4798CE54FB0A}"
EndProject
Project("{FAE04EC0-301F-11D3-BF4B-00C04F79EFBC}") = "ExcursionSale", "ExcursionSale\ExcursionSale.csproj", "{48A82213-79B7-4DB8-8355-ECF9A01CCF66}"
EndProject
Project("{FAE04EC0-301F-11D3-BF4B-00C04F79EFBC}") = "Workout", "Workout\Workout.csproj", "{F8D37095-3FEF-4C90-B28F-E2486CC59061}"
EndProject
Global
	GlobalSection(SolutionConfigurationPlatforms) = preSolution
		Debug|Any CPU = Debug|Any CPU
		Release|Any CPU = Release|Any CPU
	EndGlobalSection
	GlobalSection(ProjectConfigurationPlatforms) = postSolution
		{623028FF-5BDA-4AEF-9290-A581A1107C72}.Debug|Any CPU.ActiveCfg = Debug|Any CPU
		{623028FF-5BDA-4AEF-9290-A581A1107C72}.Debug|Any CPU.Build.0 = Debug|Any CPU
		{623028FF-5BDA-4AEF-9290-A581A1107C72}.Release|Any CPU.ActiveCfg = Release|Any CPU
		{623028FF-5BDA-4AEF-9290-A581A1107C72}.Release|Any CPU.Build.0 = Release|Any CPU
		{FF401FB5-5920-46E1-842A-844322785D92}.Debug|Any CPU.ActiveCfg = Debug|Any CPU
		{FF401FB5-5920-46E1-842A-844322785D92}.Debug|Any CPU.Build.0 = Debug|Any CPU
		{FF401FB5-5920-46E1-842A-844322785D92}.Release|Any CPU.ActiveCfg = Release|Any CPU
		{FF401FB5-5920-46E1-842A-844322785D92}.Release|Any CPU.Build.0 = Release|Any CPU
		{6F519160-BB87-4735-AF97-4CD47F7AA0A1}.Debug|Any CPU.ActiveCfg = Debug|Any CPU
		{6F519160-BB87-4735-AF97-4CD47F7AA0A1}.Debug|Any CPU.Build.0 = Debug|Any CPU
		{6F519160-BB87-4735-AF97-4CD47F7AA0A1}.Release|Any CPU.ActiveCfg = Release|Any CPU
		{6F519160-BB87-4735-AF97-4CD47F7AA0A1}.Release|Any CPU.Build.0 = Release|Any CPU
		{E880A178-57DB-4896-A34E-4798CE54FB0A}.Debug|Any CPU.ActiveCfg = Debug|Any CPU
		{E880A178-57DB-4896-A34E-4798CE54FB0A}.Debug|Any CPU.Build.0 = Debug|Any CPU
		{E880A178-57DB-4896-A34E-4798CE54FB0A}.Release|Any CPU.ActiveCfg = Release|Any CPU
		{E880A178-57DB-4896-A34E-4798CE54FB0A}.Release|Any CPU.Build.0 = Release|Any CPU
		{48A82213-79B7-4DB8-8355-ECF9A01CCF66}.Debug|Any CPU.ActiveCfg = Debug|Any CPU
		{48A82213-79B7-4DB8-8355-ECF9A01CCF66}.Debug|Any CPU.Build.0 = Debug|Any CPU
		{48A82213-79B7-4DB8-8355-ECF9A01CCF66}.Release|Any CPU.ActiveCfg = Release|Any CPU
		{48A82213-79B7-4DB8-8355-ECF9A01CCF66}.Release|Any CPU.Build.0 = Release|Any CPU
		{F8D37095-3FEF-4C90-B28F-E2486CC59061}.Debug|Any CPU.ActiveCfg = Debug|Any CPU
		{F8D37095-3FEF-4C90-B28F-E2486CC59061}.Debug|Any CPU.Build.0 = Debug|Any CPU
		{F8D37095-3FEF-4C90-B28F-E2486CC59061}.Release|Any CPU.ActiveCfg = Release|Any CPU
		{F8D37095-3FEF-4C90-B28F-E2486CC59061}.Release|Any CPU.Build.0 = Release|Any CPU
	EndGlobalSection
	GlobalSection(SolutionProperties) = preSolution
		HideSolutionNode = FALSE
	EndGlobalSection
	GlobalSection(ExtensibilityGlobals) = postSolution
		SolutionGuid = {B72E2447-6F8F-4365-8416-7617C3F97A11}
	EndGlobalSection
EndGlobal
