
Microsoft Visual Studio Solution File, Format Version 12.00
# Visual Studio Version 17
VisualStudioVersion = 17.6.33829.357
MinimumVisualStudioVersion = 10.0.40219.1
Project("{FAE04EC0-301F-11D3-BF4B-00C04F79EFBC}") = "NumberPyramid", "NestedLoop_Exercise_SoftUni2023\NumberPyramid.csproj", "{34254473-01F8-456A-806A-2ABCE8D8D0CF}"
EndProject
Global
	GlobalSection(SolutionConfigurationPlatforms) = preSolution
		Debug|Any CPU = Debug|Any CPU
		Release|Any CPU = Release|Any CPU
	EndGlobalSection
	GlobalSection(ProjectConfigurationPlatforms) = postSolution
		{34254473-01F8-456A-806A-2ABCE8D8D0CF}.Debug|Any CPU.ActiveCfg = Debug|Any CPU
		{34254473-01F8-456A-806A-2ABCE8D8D0CF}.Debug|Any CPU.Build.0 = Debug|Any CPU
		{34254473-01F8-456A-806A-2ABCE8D8D0CF}.Release|Any CPU.ActiveCfg = Release|Any CPU
		{34254473-01F8-456A-806A-2ABCE8D8D0CF}.Release|Any CPU.Build.0 = Release|Any CPU
	EndGlobalSection
	GlobalSection(SolutionProperties) = preSolution
		HideSolutionNode = FALSE
	EndGlobalSection
	GlobalSection(ExtensibilityGlobals) = postSolution
		SolutionGuid = {7E86D052-6784-454E-9A22-7A7670D50326}
	EndGlobalSection
EndGlobal
